// !$*UTF8*$!
{
	archiveVersion = 1;
	classes = {
	};
	objectVersion = 46;
	objects = {

/* Begin PBXBuildFile section */
		6011C37816D0EE9100CD34F9 /* Polygon.cpp in Sources */ = {isa = PBXBuildFile; fileRef = 6011C37616D0EE9100CD34F9 /* Polygon.cpp */; };
		6011C37916D0EE9100CD34F9 /* Polygon.h in Headers */ = {isa = PBXBuildFile; fileRef = 6011C37716D0EE9100CD34F9 /* Polygon.h */; };
		6021AFBC17230800001EAEBE /* LayerRenderer.cpp in Sources */ = {isa = PBXBuildFile; fileRef = 6021AFBB17230800001EAEBE /* LayerRenderer.cpp */; };
		6021AFBF17230E82001EAEBE /* Layer.cpp in Sources */ = {isa = PBXBuildFile; fileRef = 6021AFBD17230E82001EAEBE /* Layer.cpp */; };
		6021AFC017230E82001EAEBE /* Layer.h in Headers */ = {isa = PBXBuildFile; fileRef = 6021AFBE17230E82001EAEBE /* Layer.h */; };
		6021AFC717232B8F001EAEBE /* PrimitiveRenderer.cpp in Sources */ = {isa = PBXBuildFile; fileRef = 6021AFC517232B8E001EAEBE /* PrimitiveRenderer.cpp */; };
		6021AFC817232B8F001EAEBE /* PrimitiveRenderer.h in Headers */ = {isa = PBXBuildFile; fileRef = 6021AFC617232B8F001EAEBE /* PrimitiveRenderer.h */; };
		6021AFCB172332F6001EAEBE /* LineRenderer.cpp in Sources */ = {isa = PBXBuildFile; fileRef = 6021AFC9172332F6001EAEBE /* LineRenderer.cpp */; };
		6021AFCC172332F6001EAEBE /* LineRenderer.h in Headers */ = {isa = PBXBuildFile; fileRef = 6021AFCA172332F6001EAEBE /* LineRenderer.h */; };
		6047DB9316B46A890012286F /* RectangleInteraction.cpp in Sources */ = {isa = PBXBuildFile; fileRef = 6047DB9116B46A890012286F /* RectangleInteraction.cpp */; };
		6056C57015DC554C008F8E92 /* Scene.cpp in Sources */ = {isa = PBXBuildFile; fileRef = 6056C56E15DC5522008F8E92 /* Scene.cpp */; };
		605CD4FC16FDE992005CCAA2 /* MoveInteraction.cpp in Sources */ = {isa = PBXBuildFile; fileRef = 605CD4FA16FDE992005CCAA2 /* MoveInteraction.cpp */; };
		605CD4FD16FDE992005CCAA2 /* MoveInteraction.h in Headers */ = {isa = PBXBuildFile; fileRef = 605CD4FB16FDE992005CCAA2 /* MoveInteraction.h */; };
		605CD4FE16FDF820005CCAA2 /* LineInteraction.cpp in Sources */ = {isa = PBXBuildFile; fileRef = 60F2406C16B5BCA700291ED0 /* LineInteraction.cpp */; };
		605CD4FF16FDF824005CCAA2 /* RectangleInteraction.h in Headers */ = {isa = PBXBuildFile; fileRef = 6047DB9216B46A890012286F /* RectangleInteraction.h */; };
		605F1D12171AE4CA00C8E4CC /* Color.cpp in Sources */ = {isa = PBXBuildFile; fileRef = 605F1D02171AE4CA00C8E4CC /* Color.cpp */; };
		605F1D13171AE4CA00C8E4CC /* Color.h in Headers */ = {isa = PBXBuildFile; fileRef = 605F1D03171AE4CA00C8E4CC /* Color.h */; };
		605F1D14171AE4CA00C8E4CC /* Frame.h in Headers */ = {isa = PBXBuildFile; fileRef = 605F1D04171AE4CA00C8E4CC /* Frame.h */; };
		605F1D15171AE4CA00C8E4CC /* Mat2.cpp in Sources */ = {isa = PBXBuildFile; fileRef = 605F1D05171AE4CA00C8E4CC /* Mat2.cpp */; };
		605F1D16171AE4CA00C8E4CC /* Mat2.h in Headers */ = {isa = PBXBuildFile; fileRef = 605F1D06171AE4CA00C8E4CC /* Mat2.h */; };
		605F1D17171AE4CA00C8E4CC /* Mat3x2.cpp in Sources */ = {isa = PBXBuildFile; fileRef = 605F1D07171AE4CA00C8E4CC /* Mat3x2.cpp */; };
		605F1D18171AE4CA00C8E4CC /* Mat3x2.h in Headers */ = {isa = PBXBuildFile; fileRef = 605F1D08171AE4CA00C8E4CC /* Mat3x2.h */; };
		605F1D19171AE4CA00C8E4CC /* Mat4.h in Headers */ = {isa = PBXBuildFile; fileRef = 605F1D09171AE4CA00C8E4CC /* Mat4.h */; };
		605F1D1A171AE4CA00C8E4CC /* Mat4x4.cpp in Sources */ = {isa = PBXBuildFile; fileRef = 605F1D0A171AE4CA00C8E4CC /* Mat4x4.cpp */; };
		605F1D1B171AE4CA00C8E4CC /* Util.cpp in Sources */ = {isa = PBXBuildFile; fileRef = 605F1D0B171AE4CA00C8E4CC /* Util.cpp */; };
		605F1D1C171AE4CA00C8E4CC /* Util.h in Headers */ = {isa = PBXBuildFile; fileRef = 605F1D0C171AE4CA00C8E4CC /* Util.h */; };
		605F1D1D171AE4CA00C8E4CC /* Vec2.cpp in Sources */ = {isa = PBXBuildFile; fileRef = 605F1D0D171AE4CA00C8E4CC /* Vec2.cpp */; };
		605F1D1E171AE4CA00C8E4CC /* Vec2.h in Headers */ = {isa = PBXBuildFile; fileRef = 605F1D0E171AE4CA00C8E4CC /* Vec2.h */; };
		605F1D1F171AE4CA00C8E4CC /* Vec3.cpp in Sources */ = {isa = PBXBuildFile; fileRef = 605F1D0F171AE4CA00C8E4CC /* Vec3.cpp */; };
		605F1D20171AE4CA00C8E4CC /* Vec3.h in Headers */ = {isa = PBXBuildFile; fileRef = 605F1D10171AE4CA00C8E4CC /* Vec3.h */; };
		605F1D21171AE4CA00C8E4CC /* Vec4.h in Headers */ = {isa = PBXBuildFile; fileRef = 605F1D11171AE4CA00C8E4CC /* Vec4.h */; };
		607BFB11172C7F3500357B47 /* PolygonRenderer.cpp in Sources */ = {isa = PBXBuildFile; fileRef = 607BFB0F172C7F3500357B47 /* PolygonRenderer.cpp */; };
		607BFB12172C7F3500357B47 /* PolygonRenderer.h in Headers */ = {isa = PBXBuildFile; fileRef = 607BFB10172C7F3500357B47 /* PolygonRenderer.h */; };
		607BFB15172C838200357B47 /* RectangleRenderer.cpp in Sources */ = {isa = PBXBuildFile; fileRef = 607BFB13172C838100357B47 /* RectangleRenderer.cpp */; };
		607BFB16172C838200357B47 /* RectangleRenderer.h in Headers */ = {isa = PBXBuildFile; fileRef = 607BFB14172C838200357B47 /* RectangleRenderer.h */; };
		6086605A173436E500E67B54 /* Bounds.cpp in Sources */ = {isa = PBXBuildFile; fileRef = 60866058173436E500E67B54 /* Bounds.cpp */; };
		6086605B173436E500E67B54 /* Bounds.h in Headers */ = {isa = PBXBuildFile; fileRef = 60866059173436E500E67B54 /* Bounds.h */; };
		6086605E17343C5400E67B54 /* PointRenderer.cpp in Sources */ = {isa = PBXBuildFile; fileRef = 6086605C17343C5400E67B54 /* PointRenderer.cpp */; };
		6086605F17343C5400E67B54 /* PointRenderer.h in Headers */ = {isa = PBXBuildFile; fileRef = 6086605D17343C5400E67B54 /* PointRenderer.h */; };
		608D70031735754A000A92F7 /* ShadersManager.cpp in Sources */ = {isa = PBXBuildFile; fileRef = 608D70011735754A000A92F7 /* ShadersManager.cpp */; };
		608D70041735754A000A92F7 /* ShadersManager.h in Headers */ = {isa = PBXBuildFile; fileRef = 608D70021735754A000A92F7 /* ShadersManager.h */; };
		608D700717357571000A92F7 /* Shader.cpp in Sources */ = {isa = PBXBuildFile; fileRef = 608D700517357571000A92F7 /* Shader.cpp */; };
		608D700817357571000A92F7 /* Shader.h in Headers */ = {isa = PBXBuildFile; fileRef = 608D700617357571000A92F7 /* Shader.h */; };
		608D700B1735758D000A92F7 /* ShaderFactory.cpp in Sources */ = {isa = PBXBuildFile; fileRef = 608D70091735758D000A92F7 /* ShaderFactory.cpp */; };
		608D700C1735758D000A92F7 /* ShaderFactory.h in Headers */ = {isa = PBXBuildFile; fileRef = 608D700A1735758D000A92F7 /* ShaderFactory.h */; };
		608D700F17357A46000A92F7 /* ShadersProgram.cpp in Sources */ = {isa = PBXBuildFile; fileRef = 608D700D17357A46000A92F7 /* ShadersProgram.cpp */; };
		608D701017357A46000A92F7 /* ShadersProgram.h in Headers */ = {isa = PBXBuildFile; fileRef = 608D700E17357A46000A92F7 /* ShadersProgram.h */; };
		608D701317357B3C000A92F7 /* ShadersLibrary.cpp in Sources */ = {isa = PBXBuildFile; fileRef = 608D701117357B3C000A92F7 /* ShadersLibrary.cpp */; };
		608D701417357B3C000A92F7 /* ShadersLibrary.h in Headers */ = {isa = PBXBuildFile; fileRef = 608D701217357B3C000A92F7 /* ShadersLibrary.h */; };
		6091E37516AC554E001DE0A7 /* PolylineNode.cpp in Sources */ = {isa = PBXBuildFile; fileRef = 6091E37316AC554E001DE0A7 /* PolylineNode.cpp */; };
		6091E37616AC554E001DE0A7 /* PolylineNode.h in Headers */ = {isa = PBXBuildFile; fileRef = 6091E37416AC554E001DE0A7 /* PolylineNode.h */; };
		6091E37A16AC6037001DE0A7 /* LoopFinder.cpp in Sources */ = {isa = PBXBuildFile; fileRef = 6091E37816AC6036001DE0A7 /* LoopFinder.cpp */; };
		6091E37B16AC6037001DE0A7 /* LoopFinder.h in Headers */ = {isa = PBXBuildFile; fileRef = 6091E37916AC6036001DE0A7 /* LoopFinder.h */; };
		60A4ED5C16FE14E30083DCD2 /* Transformation.cpp in Sources */ = {isa = PBXBuildFile; fileRef = 60A4ED5A16FE14E30083DCD2 /* Transformation.cpp */; };
		60A4ED5D16FE14E30083DCD2 /* Transformation.h in Headers */ = {isa = PBXBuildFile; fileRef = 60A4ED5B16FE14E30083DCD2 /* Transformation.h */; };
		60A4ED6016FE28BA0083DCD2 /* RotationInteraction.cpp in Sources */ = {isa = PBXBuildFile; fileRef = 60A4ED5E16FE28BA0083DCD2 /* RotationInteraction.cpp */; };
		60A4ED6116FE28BA0083DCD2 /* RotationInteraction.h in Headers */ = {isa = PBXBuildFile; fileRef = 60A4ED5F16FE28BA0083DCD2 /* RotationInteraction.h */; };
		60A4ED6716FE59D50083DCD2 /* ScaleInteraction.cpp in Sources */ = {isa = PBXBuildFile; fileRef = 60A4ED6516FE59D40083DCD2 /* ScaleInteraction.cpp */; };
		60A4ED6816FE59D50083DCD2 /* ScaleInteraction.h in Headers */ = {isa = PBXBuildFile; fileRef = 60A4ED6616FE59D40083DCD2 /* ScaleInteraction.h */; };
		60A575E71690DDEE0050FAFC /* Prefix.pch in Headers */ = {isa = PBXBuildFile; fileRef = 60A575E61690DDEE0050FAFC /* Prefix.pch */; };
		60C41BB41691BF5600DD0C09 /* Geometry.cpp in Sources */ = {isa = PBXBuildFile; fileRef = 60C41BB21691BF5600DD0C09 /* Geometry.cpp */; };
		60C41BB51691BF5600DD0C09 /* Geometry.h in Headers */ = {isa = PBXBuildFile; fileRef = 60C41BB31691BF5600DD0C09 /* Geometry.h */; };
		60D7457817228D4B0062CDF1 /* ModelManager.cpp in Sources */ = {isa = PBXBuildFile; fileRef = 60D7457417228D4A0062CDF1 /* ModelManager.cpp */; };
		60D7457917228D4B0062CDF1 /* ModelManager.h in Headers */ = {isa = PBXBuildFile; fileRef = 60D7457517228D4A0062CDF1 /* ModelManager.h */; };
		60D7457A17228D4B0062CDF1 /* ModelTreeManager.cpp in Sources */ = {isa = PBXBuildFile; fileRef = 60D7457617228D4A0062CDF1 /* ModelTreeManager.cpp */; };
		60D7457B17228D4B0062CDF1 /* ModelTreeManager.h in Headers */ = {isa = PBXBuildFile; fileRef = 60D7457717228D4B0062CDF1 /* ModelTreeManager.h */; };
		60D7457D17228DC40062CDF1 /* InteractionManager.h in Headers */ = {isa = PBXBuildFile; fileRef = 60D7457C17228DC40062CDF1 /* InteractionManager.h */; };
		60D7457F17228E100062CDF1 /* InteractionManager.cpp in Sources */ = {isa = PBXBuildFile; fileRef = 60D7457E17228E100062CDF1 /* InteractionManager.cpp */; };
		60D7458217228EB70062CDF1 /* Octree.cpp in Sources */ = {isa = PBXBuildFile; fileRef = 60D7458017228EB70062CDF1 /* Octree.cpp */; };
		60D7458317228EB70062CDF1 /* Octree.h in Headers */ = {isa = PBXBuildFile; fileRef = 60D7458117228EB70062CDF1 /* Octree.h */; };
		60D74588172299390062CDF1 /* LayerRenderer.h in Headers */ = {isa = PBXBuildFile; fileRef = 60D74586172299390062CDF1 /* LayerRenderer.h */; };
		60D7458B1722994B0062CDF1 /* Primitive.cpp in Sources */ = {isa = PBXBuildFile; fileRef = 60D745891722994B0062CDF1 /* Primitive.cpp */; };
		60D7458C1722994B0062CDF1 /* Primitive.h in Headers */ = {isa = PBXBuildFile; fileRef = 60D7458A1722994B0062CDF1 /* Primitive.h */; };
		60D7DC711657D0700051947E /* PointNode.cpp in Sources */ = {isa = PBXBuildFile; fileRef = 60D7DC6F1657D0700051947E /* PointNode.cpp */; };
		60D7DC721657D0700051947E /* PointNode.h in Headers */ = {isa = PBXBuildFile; fileRef = 60D7DC701657D0700051947E /* PointNode.h */; };
		60D7DC761657D07C0051947E /* LineNode.cpp in Sources */ = {isa = PBXBuildFile; fileRef = 60D7DC741657D07C0051947E /* LineNode.cpp */; };
		60D7DC771657D07C0051947E /* LineNode.h in Headers */ = {isa = PBXBuildFile; fileRef = 60D7DC751657D07C0051947E /* LineNode.h */; };
		60D7DC7A1658308B0051947E /* Rect.cpp in Sources */ = {isa = PBXBuildFile; fileRef = 60D7DC781658308B0051947E /* Rect.cpp */; };
		60D7DC7B1658308B0051947E /* Rect.h in Headers */ = {isa = PBXBuildFile; fileRef = 60D7DC791658308B0051947E /* Rect.h */; };
		60E4FF5116FF1F6600EEAA5A /* InteractionAssistant.cpp in Sources */ = {isa = PBXBuildFile; fileRef = 60E4FF4F16FF1F6600EEAA5A /* InteractionAssistant.cpp */; };
		60E4FF5216FF1F6600EEAA5A /* InteractionAssistant.h in Headers */ = {isa = PBXBuildFile; fileRef = 60E4FF5016FF1F6600EEAA5A /* InteractionAssistant.h */; };
		60F2406F16B5BCA700291ED0 /* LineInteraction.h in Headers */ = {isa = PBXBuildFile; fileRef = 60F2406D16B5BCA700291ED0 /* LineInteraction.h */; };
		D10849F11583B4550042E161 /* Lights.cpp in Sources */ = {isa = PBXBuildFile; fileRef = D10849EF1583B4550042E161 /* Lights.cpp */; };
		D10849F21583B4550042E161 /* Lights.h in Headers */ = {isa = PBXBuildFile; fileRef = D10849F01583B4550042E161 /* Lights.h */; };
		D10EF57D15B2132100BC14D5 /* ModelFactory.cpp in Sources */ = {isa = PBXBuildFile; fileRef = D1E54CAD157BED250083FB90 /* ModelFactory.cpp */; };
		D13D718315AF949100143662 /* Node.cpp in Sources */ = {isa = PBXBuildFile; fileRef = D13D718115AF949100143662 /* Node.cpp */; };
		D13D718415AF949100143662 /* Node.h in Headers */ = {isa = PBXBuildFile; fileRef = D13D718215AF949100143662 /* Node.h */; };
		D13D718715AF96F000143662 /* BodyNode.cpp in Sources */ = {isa = PBXBuildFile; fileRef = D13D718515AF96F000143662 /* BodyNode.cpp */; };
		D13D718815AF96F000143662 /* BodyNode.h in Headers */ = {isa = PBXBuildFile; fileRef = D13D718615AF96F000143662 /* BodyNode.h */; };
		D13DC913157A9FF500C84006 /* OpenGL.framework in Frameworks */ = {isa = PBXBuildFile; fileRef = D13DC912157A9FF500C84006 /* OpenGL.framework */; };
		D143779F157BCF0200A05B3B /* FaceNode.cpp in Sources */ = {isa = PBXBuildFile; fileRef = D143779D157BCF0200A05B3B /* FaceNode.cpp */; };
		D14377A0157BCF0200A05B3B /* FaceNode.h in Headers */ = {isa = PBXBuildFile; fileRef = D143779E157BCF0200A05B3B /* FaceNode.h */; };
		D15D698115B4CECB007D676B /* b2Polygon.h in Headers */ = {isa = PBXBuildFile; fileRef = D15D697D15B4CECB007D676B /* b2Polygon.h */; };
		D15D698315B4CECB007D676B /* b2Triangle.h in Headers */ = {isa = PBXBuildFile; fileRef = D15D697F15B4CECB007D676B /* b2Triangle.h */; };
		D17C76651583BF440083E2B0 /* FactoryEngine.h in Headers */ = {isa = PBXBuildFile; fileRef = D17C76641583BF440083E2B0 /* FactoryEngine.h */; settings = {ATTRIBUTES = (Public, ); }; };
		D17C76881584B6010083E2B0 /* Log.cpp in Sources */ = {isa = PBXBuildFile; fileRef = D17C76861584B6010083E2B0 /* Log.cpp */; };
		D17C76891584B6010083E2B0 /* Log.h in Headers */ = {isa = PBXBuildFile; fileRef = D17C76871584B6010083E2B0 /* Log.h */; };
		D17C76AC1584E3900083E2B0 /* GLError.h in Headers */ = {isa = PBXBuildFile; fileRef = D17C76AB1584E3900083E2B0 /* GLError.h */; };
		D17C7916158536040083E2B0 /* Utils.cpp in Sources */ = {isa = PBXBuildFile; fileRef = D17C7914158536040083E2B0 /* Utils.cpp */; };
		D17C7917158536040083E2B0 /* Utils.h in Headers */ = {isa = PBXBuildFile; fileRef = D17C7915158536040083E2B0 /* Utils.h */; };
		D1C708C115B36D0E00D64823 /* GroupNode.cpp in Sources */ = {isa = PBXBuildFile; fileRef = D1C708BF15B36D0E00D64823 /* GroupNode.cpp */; };
		D1C708C215B36D0E00D64823 /* GroupNode.h in Headers */ = {isa = PBXBuildFile; fileRef = D1C708C015B36D0E00D64823 /* GroupNode.h */; };
		D1C9DD6A1582A4F3000DEA25 /* Camera.cpp in Sources */ = {isa = PBXBuildFile; fileRef = D1C9DD681582A4F3000DEA25 /* Camera.cpp */; };
		D1C9DD6B1582A4F3000DEA25 /* Camera.h in Headers */ = {isa = PBXBuildFile; fileRef = D1C9DD691582A4F3000DEA25 /* Camera.h */; };
		D1E54CB0157BED250083FB90 /* ModelFactory.h in Headers */ = {isa = PBXBuildFile; fileRef = D1E54CAE157BED250083FB90 /* ModelFactory.h */; };
		D1F44F4C157FE79600566119 /* Workspace.cpp in Sources */ = {isa = PBXBuildFile; fileRef = D1F44F4A157FE79600566119 /* Workspace.cpp */; };
		D1F44F4D157FE79600566119 /* Workspace.h in Headers */ = {isa = PBXBuildFile; fileRef = D1F44F4B157FE79600566119 /* Workspace.h */; };
		D1F44F51157FE91900566119 /* Pad.cpp in Sources */ = {isa = PBXBuildFile; fileRef = D1F44F4F157FE91900566119 /* Pad.cpp */; };
		D1F44F52157FE91900566119 /* Pad.h in Headers */ = {isa = PBXBuildFile; fileRef = D1F44F50157FE91900566119 /* Pad.h */; };
		D1F44F55157FE9D200566119 /* HUD.cpp in Sources */ = {isa = PBXBuildFile; fileRef = D1F44F53157FE9D200566119 /* HUD.cpp */; };
		D1F44F56157FE9D200566119 /* HUD.h in Headers */ = {isa = PBXBuildFile; fileRef = D1F44F54157FE9D200566119 /* HUD.h */; };
/* End PBXBuildFile section */

/* Begin PBXBuildRule section */
		606A7F5E163C0C5400E4F243 /* PBXBuildRule */ = {
			isa = PBXBuildRule;
			compilerSpec = com.apple.compilers.proxy.script;
			fileType = pattern.proxy;
			isEditable = 1;
			outputFiles = (
				"",
			);
			script = "";
		};
/* End PBXBuildRule section */

/* Begin PBXFileReference section */
		6011C37616D0EE9100CD34F9 /* Polygon.cpp */ = {isa = PBXFileReference; fileEncoding = 4; lastKnownFileType = sourcecode.cpp.cpp; path = Polygon.cpp; sourceTree = "<group>"; };
		6011C37716D0EE9100CD34F9 /* Polygon.h */ = {isa = PBXFileReference; fileEncoding = 4; lastKnownFileType = sourcecode.c.h; path = Polygon.h; sourceTree = "<group>"; };
		60127559163BDB0000E98E34 /* Readme.rtf */ = {isa = PBXFileReference; fileEncoding = 4; lastKnownFileType = text.rtf; path = Readme.rtf; sourceTree = "<group>"; };
		6021AFBB17230800001EAEBE /* LayerRenderer.cpp */ = {isa = PBXFileReference; fileEncoding = 4; lastKnownFileType = sourcecode.cpp.cpp; path = LayerRenderer.cpp; sourceTree = "<group>"; };
		6021AFBD17230E82001EAEBE /* Layer.cpp */ = {isa = PBXFileReference; fileEncoding = 4; lastKnownFileType = sourcecode.cpp.cpp; path = Layer.cpp; sourceTree = "<group>"; };
		6021AFBE17230E82001EAEBE /* Layer.h */ = {isa = PBXFileReference; fileEncoding = 4; lastKnownFileType = sourcecode.c.h; path = Layer.h; sourceTree = "<group>"; };
		6021AFC517232B8E001EAEBE /* PrimitiveRenderer.cpp */ = {isa = PBXFileReference; fileEncoding = 4; lastKnownFileType = sourcecode.cpp.cpp; path = PrimitiveRenderer.cpp; sourceTree = "<group>"; };
		6021AFC617232B8F001EAEBE /* PrimitiveRenderer.h */ = {isa = PBXFileReference; fileEncoding = 4; lastKnownFileType = sourcecode.c.h; path = PrimitiveRenderer.h; sourceTree = "<group>"; };
		6021AFC9172332F6001EAEBE /* LineRenderer.cpp */ = {isa = PBXFileReference; fileEncoding = 4; lastKnownFileType = sourcecode.cpp.cpp; path = LineRenderer.cpp; sourceTree = "<group>"; };
		6021AFCA172332F6001EAEBE /* LineRenderer.h */ = {isa = PBXFileReference; fileEncoding = 4; lastKnownFileType = sourcecode.c.h; path = LineRenderer.h; sourceTree = "<group>"; };
		6047DB9116B46A890012286F /* RectangleInteraction.cpp */ = {isa = PBXFileReference; fileEncoding = 4; lastKnownFileType = sourcecode.cpp.cpp; path = RectangleInteraction.cpp; sourceTree = "<group>"; };
		6047DB9216B46A890012286F /* RectangleInteraction.h */ = {isa = PBXFileReference; fileEncoding = 4; lastKnownFileType = sourcecode.c.h; path = RectangleInteraction.h; sourceTree = "<group>"; };
		604E939A16A1C6E700143522 /* fix_includes.py */ = {isa = PBXFileReference; fileEncoding = 4; lastKnownFileType = text.script.python; path = fix_includes.py; sourceTree = "<group>"; };
		604E93D116A1D14C00143522 /* Macros.h */ = {isa = PBXFileReference; lastKnownFileType = sourcecode.c.h; path = Macros.h; sourceTree = "<group>"; };
		6056C56E15DC5522008F8E92 /* Scene.cpp */ = {isa = PBXFileReference; lastKnownFileType = sourcecode.cpp.cpp; path = Scene.cpp; sourceTree = "<group>"; };
		6056C56F15DC5522008F8E92 /* Scene.h */ = {isa = PBXFileReference; lastKnownFileType = sourcecode.c.h; path = Scene.h; sourceTree = "<group>"; };
		605CD4FA16FDE992005CCAA2 /* MoveInteraction.cpp */ = {isa = PBXFileReference; fileEncoding = 4; lastKnownFileType = sourcecode.cpp.cpp; path = MoveInteraction.cpp; sourceTree = "<group>"; };
		605CD4FB16FDE992005CCAA2 /* MoveInteraction.h */ = {isa = PBXFileReference; fileEncoding = 4; lastKnownFileType = sourcecode.c.h; path = MoveInteraction.h; sourceTree = "<group>"; };
		605F1D02171AE4CA00C8E4CC /* Color.cpp */ = {isa = PBXFileReference; fileEncoding = 4; lastKnownFileType = sourcecode.cpp.cpp; path = Color.cpp; sourceTree = "<group>"; };
		605F1D03171AE4CA00C8E4CC /* Color.h */ = {isa = PBXFileReference; fileEncoding = 4; lastKnownFileType = sourcecode.c.h; path = Color.h; sourceTree = "<group>"; };
		605F1D04171AE4CA00C8E4CC /* Frame.h */ = {isa = PBXFileReference; fileEncoding = 4; lastKnownFileType = sourcecode.c.h; path = Frame.h; sourceTree = "<group>"; };
		605F1D05171AE4CA00C8E4CC /* Mat2.cpp */ = {isa = PBXFileReference; fileEncoding = 4; lastKnownFileType = sourcecode.cpp.cpp; path = Mat2.cpp; sourceTree = "<group>"; };
		605F1D06171AE4CA00C8E4CC /* Mat2.h */ = {isa = PBXFileReference; fileEncoding = 4; lastKnownFileType = sourcecode.c.h; path = Mat2.h; sourceTree = "<group>"; };
		605F1D07171AE4CA00C8E4CC /* Mat3x2.cpp */ = {isa = PBXFileReference; fileEncoding = 4; lastKnownFileType = sourcecode.cpp.cpp; path = Mat3x2.cpp; sourceTree = "<group>"; };
		605F1D08171AE4CA00C8E4CC /* Mat3x2.h */ = {isa = PBXFileReference; fileEncoding = 4; lastKnownFileType = sourcecode.c.h; path = Mat3x2.h; sourceTree = "<group>"; };
		605F1D09171AE4CA00C8E4CC /* Mat4.h */ = {isa = PBXFileReference; fileEncoding = 4; lastKnownFileType = sourcecode.c.h; path = Mat4.h; sourceTree = "<group>"; };
		605F1D0A171AE4CA00C8E4CC /* Mat4x4.cpp */ = {isa = PBXFileReference; fileEncoding = 4; lastKnownFileType = sourcecode.cpp.cpp; path = Mat4x4.cpp; sourceTree = "<group>"; };
		605F1D0B171AE4CA00C8E4CC /* Util.cpp */ = {isa = PBXFileReference; fileEncoding = 4; lastKnownFileType = sourcecode.cpp.cpp; path = Util.cpp; sourceTree = "<group>"; };
		605F1D0C171AE4CA00C8E4CC /* Util.h */ = {isa = PBXFileReference; fileEncoding = 4; lastKnownFileType = sourcecode.c.h; path = Util.h; sourceTree = "<group>"; };
		605F1D0D171AE4CA00C8E4CC /* Vec2.cpp */ = {isa = PBXFileReference; fileEncoding = 4; lastKnownFileType = sourcecode.cpp.cpp; path = Vec2.cpp; sourceTree = "<group>"; };
		605F1D0E171AE4CA00C8E4CC /* Vec2.h */ = {isa = PBXFileReference; fileEncoding = 4; lastKnownFileType = sourcecode.c.h; path = Vec2.h; sourceTree = "<group>"; };
		605F1D0F171AE4CA00C8E4CC /* Vec3.cpp */ = {isa = PBXFileReference; fileEncoding = 4; lastKnownFileType = sourcecode.cpp.cpp; path = Vec3.cpp; sourceTree = "<group>"; };
		605F1D10171AE4CA00C8E4CC /* Vec3.h */ = {isa = PBXFileReference; fileEncoding = 4; lastKnownFileType = sourcecode.c.h; path = Vec3.h; sourceTree = "<group>"; };
		605F1D11171AE4CA00C8E4CC /* Vec4.h */ = {isa = PBXFileReference; fileEncoding = 4; lastKnownFileType = sourcecode.c.h; path = Vec4.h; sourceTree = "<group>"; };
		606A7F5C163C0C0700E4F243 /* Documentation */ = {isa = PBXFileReference; lastKnownFileType = folder; path = Documentation; sourceTree = "<group>"; };
		607BFB0F172C7F3500357B47 /* PolygonRenderer.cpp */ = {isa = PBXFileReference; fileEncoding = 4; lastKnownFileType = sourcecode.cpp.cpp; path = PolygonRenderer.cpp; sourceTree = "<group>"; };
		607BFB10172C7F3500357B47 /* PolygonRenderer.h */ = {isa = PBXFileReference; fileEncoding = 4; lastKnownFileType = sourcecode.c.h; path = PolygonRenderer.h; sourceTree = "<group>"; };
		607BFB13172C838100357B47 /* RectangleRenderer.cpp */ = {isa = PBXFileReference; fileEncoding = 4; lastKnownFileType = sourcecode.cpp.cpp; path = RectangleRenderer.cpp; sourceTree = "<group>"; };
		607BFB14172C838200357B47 /* RectangleRenderer.h */ = {isa = PBXFileReference; fileEncoding = 4; lastKnownFileType = sourcecode.c.h; path = RectangleRenderer.h; sourceTree = "<group>"; };
		60866058173436E500E67B54 /* Bounds.cpp */ = {isa = PBXFileReference; fileEncoding = 4; lastKnownFileType = sourcecode.cpp.cpp; path = Bounds.cpp; sourceTree = "<group>"; };
		60866059173436E500E67B54 /* Bounds.h */ = {isa = PBXFileReference; fileEncoding = 4; lastKnownFileType = sourcecode.c.h; path = Bounds.h; sourceTree = "<group>"; };
		6086605C17343C5400E67B54 /* PointRenderer.cpp */ = {isa = PBXFileReference; fileEncoding = 4; lastKnownFileType = sourcecode.cpp.cpp; path = PointRenderer.cpp; sourceTree = "<group>"; };
		6086605D17343C5400E67B54 /* PointRenderer.h */ = {isa = PBXFileReference; fileEncoding = 4; lastKnownFileType = sourcecode.c.h; path = PointRenderer.h; sourceTree = "<group>"; };
		608D70011735754A000A92F7 /* ShadersManager.cpp */ = {isa = PBXFileReference; fileEncoding = 4; lastKnownFileType = sourcecode.cpp.cpp; path = ShadersManager.cpp; sourceTree = "<group>"; };
		608D70021735754A000A92F7 /* ShadersManager.h */ = {isa = PBXFileReference; fileEncoding = 4; lastKnownFileType = sourcecode.c.h; path = ShadersManager.h; sourceTree = "<group>"; };
		608D700517357571000A92F7 /* Shader.cpp */ = {isa = PBXFileReference; fileEncoding = 4; lastKnownFileType = sourcecode.cpp.cpp; path = Shader.cpp; sourceTree = "<group>"; };
		608D700617357571000A92F7 /* Shader.h */ = {isa = PBXFileReference; fileEncoding = 4; lastKnownFileType = sourcecode.c.h; path = Shader.h; sourceTree = "<group>"; };
		608D70091735758D000A92F7 /* ShaderFactory.cpp */ = {isa = PBXFileReference; fileEncoding = 4; lastKnownFileType = sourcecode.cpp.cpp; path = ShaderFactory.cpp; sourceTree = "<group>"; };
		608D700A1735758D000A92F7 /* ShaderFactory.h */ = {isa = PBXFileReference; fileEncoding = 4; lastKnownFileType = sourcecode.c.h; path = ShaderFactory.h; sourceTree = "<group>"; };
		608D700D17357A46000A92F7 /* ShadersProgram.cpp */ = {isa = PBXFileReference; fileEncoding = 4; lastKnownFileType = sourcecode.cpp.cpp; path = ShadersProgram.cpp; sourceTree = "<group>"; };
		608D700E17357A46000A92F7 /* ShadersProgram.h */ = {isa = PBXFileReference; fileEncoding = 4; lastKnownFileType = sourcecode.c.h; path = ShadersProgram.h; sourceTree = "<group>"; };
		608D701117357B3C000A92F7 /* ShadersLibrary.cpp */ = {isa = PBXFileReference; fileEncoding = 4; lastKnownFileType = sourcecode.cpp.cpp; path = ShadersLibrary.cpp; sourceTree = "<group>"; };
		608D701217357B3C000A92F7 /* ShadersLibrary.h */ = {isa = PBXFileReference; fileEncoding = 4; lastKnownFileType = sourcecode.c.h; path = ShadersLibrary.h; sourceTree = "<group>"; };
		6090C57E1711AE2400F23DBB /* rename.py */ = {isa = PBXFileReference; fileEncoding = 4; lastKnownFileType = text.script.python; path = rename.py; sourceTree = "<group>"; };
		6091E37316AC554E001DE0A7 /* PolylineNode.cpp */ = {isa = PBXFileReference; fileEncoding = 4; lastKnownFileType = sourcecode.cpp.cpp; path = PolylineNode.cpp; sourceTree = "<group>"; };
		6091E37416AC554E001DE0A7 /* PolylineNode.h */ = {isa = PBXFileReference; fileEncoding = 4; lastKnownFileType = sourcecode.c.h; path = PolylineNode.h; sourceTree = "<group>"; };
		6091E37816AC6036001DE0A7 /* LoopFinder.cpp */ = {isa = PBXFileReference; fileEncoding = 4; lastKnownFileType = sourcecode.cpp.cpp; path = LoopFinder.cpp; sourceTree = "<group>"; };
		6091E37916AC6036001DE0A7 /* LoopFinder.h */ = {isa = PBXFileReference; fileEncoding = 4; lastKnownFileType = sourcecode.c.h; path = LoopFinder.h; sourceTree = "<group>"; };
		60A4ED5A16FE14E30083DCD2 /* Transformation.cpp */ = {isa = PBXFileReference; fileEncoding = 4; lastKnownFileType = sourcecode.cpp.cpp; path = Transformation.cpp; sourceTree = "<group>"; };
		60A4ED5B16FE14E30083DCD2 /* Transformation.h */ = {isa = PBXFileReference; fileEncoding = 4; lastKnownFileType = sourcecode.c.h; path = Transformation.h; sourceTree = "<group>"; };
		60A4ED5E16FE28BA0083DCD2 /* RotationInteraction.cpp */ = {isa = PBXFileReference; fileEncoding = 4; lastKnownFileType = sourcecode.cpp.cpp; path = RotationInteraction.cpp; sourceTree = "<group>"; };
		60A4ED5F16FE28BA0083DCD2 /* RotationInteraction.h */ = {isa = PBXFileReference; fileEncoding = 4; lastKnownFileType = sourcecode.c.h; path = RotationInteraction.h; sourceTree = "<group>"; };
		60A4ED6516FE59D40083DCD2 /* ScaleInteraction.cpp */ = {isa = PBXFileReference; fileEncoding = 4; lastKnownFileType = sourcecode.cpp.cpp; path = ScaleInteraction.cpp; sourceTree = "<group>"; };
		60A4ED6616FE59D40083DCD2 /* ScaleInteraction.h */ = {isa = PBXFileReference; fileEncoding = 4; lastKnownFileType = sourcecode.c.h; path = ScaleInteraction.h; sourceTree = "<group>"; };
		60A575E61690DDEE0050FAFC /* Prefix.pch */ = {isa = PBXFileReference; fileEncoding = 4; lastKnownFileType = sourcecode.c.h; path = Prefix.pch; sourceTree = "<group>"; };
		60C41BB21691BF5600DD0C09 /* Geometry.cpp */ = {isa = PBXFileReference; fileEncoding = 4; lastKnownFileType = sourcecode.cpp.cpp; path = Geometry.cpp; sourceTree = "<group>"; };
		60C41BB31691BF5600DD0C09 /* Geometry.h */ = {isa = PBXFileReference; fileEncoding = 4; lastKnownFileType = sourcecode.c.h; path = Geometry.h; sourceTree = "<group>"; };
		60D7457417228D4A0062CDF1 /* ModelManager.cpp */ = {isa = PBXFileReference; fileEncoding = 4; lastKnownFileType = sourcecode.cpp.cpp; path = ModelManager.cpp; sourceTree = "<group>"; };
		60D7457517228D4A0062CDF1 /* ModelManager.h */ = {isa = PBXFileReference; fileEncoding = 4; lastKnownFileType = sourcecode.c.h; path = ModelManager.h; sourceTree = "<group>"; };
		60D7457617228D4A0062CDF1 /* ModelTreeManager.cpp */ = {isa = PBXFileReference; fileEncoding = 4; lastKnownFileType = sourcecode.cpp.cpp; path = ModelTreeManager.cpp; sourceTree = "<group>"; };
		60D7457717228D4B0062CDF1 /* ModelTreeManager.h */ = {isa = PBXFileReference; fileEncoding = 4; lastKnownFileType = sourcecode.c.h; path = ModelTreeManager.h; sourceTree = "<group>"; };
		60D7457C17228DC40062CDF1 /* InteractionManager.h */ = {isa = PBXFileReference; fileEncoding = 4; lastKnownFileType = sourcecode.c.h; path = InteractionManager.h; sourceTree = "<group>"; };
		60D7457E17228E100062CDF1 /* InteractionManager.cpp */ = {isa = PBXFileReference; fileEncoding = 4; lastKnownFileType = sourcecode.cpp.cpp; path = InteractionManager.cpp; sourceTree = "<group>"; };
		60D7458017228EB70062CDF1 /* Octree.cpp */ = {isa = PBXFileReference; fileEncoding = 4; lastKnownFileType = sourcecode.cpp.cpp; path = Octree.cpp; sourceTree = "<group>"; };
		60D7458117228EB70062CDF1 /* Octree.h */ = {isa = PBXFileReference; fileEncoding = 4; lastKnownFileType = sourcecode.c.h; path = Octree.h; sourceTree = "<group>"; };
		60D74586172299390062CDF1 /* LayerRenderer.h */ = {isa = PBXFileReference; fileEncoding = 4; lastKnownFileType = sourcecode.c.h; path = LayerRenderer.h; sourceTree = "<group>"; };
		60D745891722994B0062CDF1 /* Primitive.cpp */ = {isa = PBXFileReference; fileEncoding = 4; lastKnownFileType = sourcecode.cpp.cpp; path = Primitive.cpp; sourceTree = "<group>"; };
		60D7458A1722994B0062CDF1 /* Primitive.h */ = {isa = PBXFileReference; fileEncoding = 4; lastKnownFileType = sourcecode.c.h; path = Primitive.h; sourceTree = "<group>"; };
		60D7DC6F1657D0700051947E /* PointNode.cpp */ = {isa = PBXFileReference; fileEncoding = 4; lastKnownFileType = sourcecode.cpp.cpp; path = PointNode.cpp; sourceTree = "<group>"; };
		60D7DC701657D0700051947E /* PointNode.h */ = {isa = PBXFileReference; fileEncoding = 4; lastKnownFileType = sourcecode.c.h; path = PointNode.h; sourceTree = "<group>"; };
		60D7DC741657D07C0051947E /* LineNode.cpp */ = {isa = PBXFileReference; fileEncoding = 4; lastKnownFileType = sourcecode.cpp.cpp; path = LineNode.cpp; sourceTree = "<group>"; };
		60D7DC751657D07C0051947E /* LineNode.h */ = {isa = PBXFileReference; fileEncoding = 4; lastKnownFileType = sourcecode.c.h; path = LineNode.h; sourceTree = "<group>"; };
		60D7DC781658308B0051947E /* Rect.cpp */ = {isa = PBXFileReference; fileEncoding = 4; lastKnownFileType = sourcecode.cpp.cpp; path = Rect.cpp; sourceTree = "<group>"; };
		60D7DC791658308B0051947E /* Rect.h */ = {isa = PBXFileReference; fileEncoding = 4; lastKnownFileType = sourcecode.c.h; path = Rect.h; sourceTree = "<group>"; };
		60E4FF4F16FF1F6600EEAA5A /* InteractionAssistant.cpp */ = {isa = PBXFileReference; fileEncoding = 4; lastKnownFileType = sourcecode.cpp.cpp; path = InteractionAssistant.cpp; sourceTree = "<group>"; };
		60E4FF5016FF1F6600EEAA5A /* InteractionAssistant.h */ = {isa = PBXFileReference; fileEncoding = 4; lastKnownFileType = sourcecode.c.h; path = InteractionAssistant.h; sourceTree = "<group>"; };
		60F2406C16B5BCA700291ED0 /* LineInteraction.cpp */ = {isa = PBXFileReference; fileEncoding = 4; lastKnownFileType = sourcecode.cpp.cpp; path = LineInteraction.cpp; sourceTree = "<group>"; };
		60F2406D16B5BCA700291ED0 /* LineInteraction.h */ = {isa = PBXFileReference; fileEncoding = 4; lastKnownFileType = sourcecode.c.h; path = LineInteraction.h; sourceTree = "<group>"; };
		60FD3CFA16DA3C65001F789D /* cpp_convention.py */ = {isa = PBXFileReference; fileEncoding = 4; lastKnownFileType = text.script.python; path = cpp_convention.py; sourceTree = "<group>"; };
		60FD3CFB16DA4C9A001F789D /* parsing.py */ = {isa = PBXFileReference; fileEncoding = 4; lastKnownFileType = text.script.python; path = parsing.py; sourceTree = "<group>"; };
		D10849EF1583B4550042E161 /* Lights.cpp */ = {isa = PBXFileReference; fileEncoding = 4; lastKnownFileType = sourcecode.cpp.cpp; path = Lights.cpp; sourceTree = "<group>"; };
		D10849F01583B4550042E161 /* Lights.h */ = {isa = PBXFileReference; fileEncoding = 4; lastKnownFileType = sourcecode.c.h; path = Lights.h; sourceTree = "<group>"; };
		D13D718115AF949100143662 /* Node.cpp */ = {isa = PBXFileReference; fileEncoding = 4; lastKnownFileType = sourcecode.cpp.cpp; path = Node.cpp; sourceTree = "<group>"; };
		D13D718215AF949100143662 /* Node.h */ = {isa = PBXFileReference; fileEncoding = 4; lastKnownFileType = sourcecode.c.h; path = Node.h; sourceTree = "<group>"; };
		D13D718515AF96F000143662 /* BodyNode.cpp */ = {isa = PBXFileReference; fileEncoding = 4; lastKnownFileType = sourcecode.cpp.cpp; path = BodyNode.cpp; sourceTree = "<group>"; };
		D13D718615AF96F000143662 /* BodyNode.h */ = {isa = PBXFileReference; fileEncoding = 4; lastKnownFileType = sourcecode.c.h; path = BodyNode.h; sourceTree = "<group>"; };
		D13DC90B157A9F8C00C84006 /* libFactoryEngine.a */ = {isa = PBXFileReference; explicitFileType = archive.ar; includeInIndex = 0; path = libFactoryEngine.a; sourceTree = BUILT_PRODUCTS_DIR; };
		D13DC912157A9FF500C84006 /* OpenGL.framework */ = {isa = PBXFileReference; lastKnownFileType = wrapper.framework; name = OpenGL.framework; path = System/Library/Frameworks/OpenGL.framework; sourceTree = SDKROOT; };
		D143779D157BCF0200A05B3B /* FaceNode.cpp */ = {isa = PBXFileReference; fileEncoding = 4; lastKnownFileType = sourcecode.cpp.cpp; path = FaceNode.cpp; sourceTree = "<group>"; };
		D143779E157BCF0200A05B3B /* FaceNode.h */ = {isa = PBXFileReference; fileEncoding = 4; lastKnownFileType = sourcecode.c.h; path = FaceNode.h; sourceTree = "<group>"; };
		D15D697C15B4CECB007D676B /* b2Polygon.cpp */ = {isa = PBXFileReference; fileEncoding = 4; lastKnownFileType = sourcecode.cpp.cpp; path = b2Polygon.cpp; sourceTree = "<group>"; };
		D15D697D15B4CECB007D676B /* b2Polygon.h */ = {isa = PBXFileReference; fileEncoding = 4; lastKnownFileType = sourcecode.c.h; path = b2Polygon.h; sourceTree = "<group>"; };
		D15D697E15B4CECB007D676B /* b2Triangle.cpp */ = {isa = PBXFileReference; fileEncoding = 4; lastKnownFileType = sourcecode.cpp.cpp; path = b2Triangle.cpp; sourceTree = "<group>"; };
		D15D697F15B4CECB007D676B /* b2Triangle.h */ = {isa = PBXFileReference; fileEncoding = 4; lastKnownFileType = sourcecode.c.h; path = b2Triangle.h; sourceTree = "<group>"; };
		D17C76641583BF440083E2B0 /* FactoryEngine.h */ = {isa = PBXFileReference; fileEncoding = 4; lastKnownFileType = sourcecode.c.h; path = FactoryEngine.h; sourceTree = "<group>"; };
		D17C76861584B6010083E2B0 /* Log.cpp */ = {isa = PBXFileReference; fileEncoding = 4; lastKnownFileType = sourcecode.cpp.cpp; path = Log.cpp; sourceTree = "<group>"; };
		D17C76871584B6010083E2B0 /* Log.h */ = {isa = PBXFileReference; fileEncoding = 4; lastKnownFileType = sourcecode.c.h; path = Log.h; sourceTree = "<group>"; };
		D17C76AB1584E3900083E2B0 /* GLError.h */ = {isa = PBXFileReference; fileEncoding = 4; lastKnownFileType = sourcecode.c.h; path = GLError.h; sourceTree = "<group>"; };
		D17C7914158536040083E2B0 /* Utils.cpp */ = {isa = PBXFileReference; fileEncoding = 4; lastKnownFileType = sourcecode.cpp.cpp; path = Utils.cpp; sourceTree = "<group>"; };
		D17C7915158536040083E2B0 /* Utils.h */ = {isa = PBXFileReference; fileEncoding = 4; lastKnownFileType = sourcecode.c.h; path = Utils.h; sourceTree = "<group>"; };
		D1C708BF15B36D0E00D64823 /* GroupNode.cpp */ = {isa = PBXFileReference; fileEncoding = 4; lastKnownFileType = sourcecode.cpp.cpp; path = GroupNode.cpp; sourceTree = "<group>"; };
		D1C708C015B36D0E00D64823 /* GroupNode.h */ = {isa = PBXFileReference; fileEncoding = 4; lastKnownFileType = sourcecode.c.h; path = GroupNode.h; sourceTree = "<group>"; };
		D1C9DD681582A4F3000DEA25 /* Camera.cpp */ = {isa = PBXFileReference; fileEncoding = 4; lastKnownFileType = sourcecode.cpp.cpp; path = Camera.cpp; sourceTree = "<group>"; };
		D1C9DD691582A4F3000DEA25 /* Camera.h */ = {isa = PBXFileReference; fileEncoding = 4; lastKnownFileType = sourcecode.c.h; path = Camera.h; sourceTree = "<group>"; };
		D1E54CAD157BED250083FB90 /* ModelFactory.cpp */ = {isa = PBXFileReference; fileEncoding = 4; lastKnownFileType = sourcecode.cpp.cpp; path = ModelFactory.cpp; sourceTree = "<group>"; };
		D1E54CAE157BED250083FB90 /* ModelFactory.h */ = {isa = PBXFileReference; fileEncoding = 4; lastKnownFileType = sourcecode.c.h; path = ModelFactory.h; sourceTree = "<group>"; };
		D1F44F4A157FE79600566119 /* Workspace.cpp */ = {isa = PBXFileReference; fileEncoding = 4; lastKnownFileType = sourcecode.cpp.cpp; path = Workspace.cpp; sourceTree = "<group>"; };
		D1F44F4B157FE79600566119 /* Workspace.h */ = {isa = PBXFileReference; fileEncoding = 4; lastKnownFileType = sourcecode.c.h; path = Workspace.h; sourceTree = "<group>"; };
		D1F44F4F157FE91900566119 /* Pad.cpp */ = {isa = PBXFileReference; fileEncoding = 4; lastKnownFileType = sourcecode.cpp.cpp; path = Pad.cpp; sourceTree = "<group>"; };
		D1F44F50157FE91900566119 /* Pad.h */ = {isa = PBXFileReference; fileEncoding = 4; lastKnownFileType = sourcecode.c.h; path = Pad.h; sourceTree = "<group>"; };
		D1F44F53157FE9D200566119 /* HUD.cpp */ = {isa = PBXFileReference; fileEncoding = 4; lastKnownFileType = sourcecode.cpp.cpp; path = HUD.cpp; sourceTree = "<group>"; };
		D1F44F54157FE9D200566119 /* HUD.h */ = {isa = PBXFileReference; fileEncoding = 4; lastKnownFileType = sourcecode.c.h; path = HUD.h; sourceTree = "<group>"; };
/* End PBXFileReference section */

/* Begin PBXFrameworksBuildPhase section */
		D13DC908157A9F8C00C84006 /* Frameworks */ = {
			isa = PBXFrameworksBuildPhase;
			buildActionMask = 2147483647;
			files = (
				D13DC913157A9FF500C84006 /* OpenGL.framework in Frameworks */,
			);
			runOnlyForDeploymentPostprocessing = 0;
		};
/* End PBXFrameworksBuildPhase section */

/* Begin PBXGroup section */
		6047DB8F16B46A5D0012286F /* Interaction */ = {
			isa = PBXGroup;
			children = (
				60D7457C17228DC40062CDF1 /* InteractionManager.h */,
				60D7457E17228E100062CDF1 /* InteractionManager.cpp */,
				6047DB9116B46A890012286F /* RectangleInteraction.cpp */,
				6047DB9216B46A890012286F /* RectangleInteraction.h */,
				60F2406C16B5BCA700291ED0 /* LineInteraction.cpp */,
				60F2406D16B5BCA700291ED0 /* LineInteraction.h */,
				605CD4FA16FDE992005CCAA2 /* MoveInteraction.cpp */,
				605CD4FB16FDE992005CCAA2 /* MoveInteraction.h */,
				60A4ED5E16FE28BA0083DCD2 /* RotationInteraction.cpp */,
				60A4ED5F16FE28BA0083DCD2 /* RotationInteraction.h */,
				60A4ED6516FE59D40083DCD2 /* ScaleInteraction.cpp */,
				60A4ED6616FE59D40083DCD2 /* ScaleInteraction.h */,
				60E4FF4F16FF1F6600EEAA5A /* InteractionAssistant.cpp */,
				60E4FF5016FF1F6600EEAA5A /* InteractionAssistant.h */,
			);
			path = Interaction;
			sourceTree = "<group>";
		};
		604E939816A1C6CF00143522 /* Scripts */ = {
			isa = PBXGroup;
			children = (
				604E939A16A1C6E700143522 /* fix_includes.py */,
				60FD3CFA16DA3C65001F789D /* cpp_convention.py */,
				60FD3CFB16DA4C9A001F789D /* parsing.py */,
				6090C57E1711AE2400F23DBB /* rename.py */,
			);
			path = Scripts;
			sourceTree = "<group>";
		};
		6056C56D15DC5522008F8E92 /* Scene */ = {
			isa = PBXGroup;
			children = (
				6056C56E15DC5522008F8E92 /* Scene.cpp */,
				6056C56F15DC5522008F8E92 /* Scene.h */,
			);
			path = Scene;
			sourceTree = "<group>";
		};
		608D70001735738C000A92F7 /* Shading */ = {
			isa = PBXGroup;
			children = (
				608D70011735754A000A92F7 /* ShadersManager.cpp */,
				608D70021735754A000A92F7 /* ShadersManager.h */,
				608D701117357B3C000A92F7 /* ShadersLibrary.cpp */,
				608D701217357B3C000A92F7 /* ShadersLibrary.h */,
				608D700517357571000A92F7 /* Shader.cpp */,
				608D700617357571000A92F7 /* Shader.h */,
				608D70091735758D000A92F7 /* ShaderFactory.cpp */,
				608D700A1735758D000A92F7 /* ShaderFactory.h */,
				608D700D17357A46000A92F7 /* ShadersProgram.cpp */,
				608D700E17357A46000A92F7 /* ShadersProgram.h */,
			);
			path = Shading;
			sourceTree = "<group>";
		};
		60D74584172298B30062CDF1 /* Render */ = {
			isa = PBXGroup;
			children = (
				60D745891722994B0062CDF1 /* Primitive.cpp */,
				60D7458A1722994B0062CDF1 /* Primitive.h */,
				6021AFC517232B8E001EAEBE /* PrimitiveRenderer.cpp */,
				6021AFC617232B8F001EAEBE /* PrimitiveRenderer.h */,
				60D74586172299390062CDF1 /* LayerRenderer.h */,
				6021AFBB17230800001EAEBE /* LayerRenderer.cpp */,
				6021AFBD17230E82001EAEBE /* Layer.cpp */,
				6021AFBE17230E82001EAEBE /* Layer.h */,
				6021AFC9172332F6001EAEBE /* LineRenderer.cpp */,
				6021AFCA172332F6001EAEBE /* LineRenderer.h */,
				607BFB0F172C7F3500357B47 /* PolygonRenderer.cpp */,
				607BFB10172C7F3500357B47 /* PolygonRenderer.h */,
				607BFB13172C838100357B47 /* RectangleRenderer.cpp */,
				607BFB14172C838200357B47 /* RectangleRenderer.h */,
				6086605C17343C5400E67B54 /* PointRenderer.cpp */,
				6086605D17343C5400E67B54 /* PointRenderer.h */,
			);
			path = Render;
			sourceTree = "<group>";
		};
		D13DC900157A9F8B00C84006 = {
			isa = PBXGroup;
			children = (
				60127559163BDB0000E98E34 /* Readme.rtf */,
				D17C76641583BF440083E2B0 /* FactoryEngine.h */,
				606A7F5C163C0C0700E4F243 /* Documentation */,
				604E939816A1C6CF00143522 /* Scripts */,
				D1C708B915B3495400D64823 /* External */,
				D17C766B1583C1580083E2B0 /* Main */,
				D1E54CA7157BE5120083FB90 /* Math */,
				608D70001735738C000A92F7 /* Shading */,
				60D74584172298B30062CDF1 /* Render */,
				D1DFC003157BC15000F9E371 /* Model */,
				6047DB8F16B46A5D0012286F /* Interaction */,
				D1954A3C1581337F00820436 /* Surround */,
				D13DC914157AA03200C84006 /* Workspace */,
				6056C56D15DC5522008F8E92 /* Scene */,
				D1E75032157BC4DB005C4CCF /* Frameworks */,
				D13DC90C157A9F8C00C84006 /* Products */,
			);
			sourceTree = "<group>";
		};
		D13DC90C157A9F8C00C84006 /* Products */ = {
			isa = PBXGroup;
			children = (
				D13DC90B157A9F8C00C84006 /* libFactoryEngine.a */,
			);
			name = Products;
			sourceTree = "<group>";
		};
		D13DC914157AA03200C84006 /* Workspace */ = {
			isa = PBXGroup;
			children = (
				D1F44F4F157FE91900566119 /* Pad.cpp */,
				D1F44F50157FE91900566119 /* Pad.h */,
				D1F44F53157FE9D200566119 /* HUD.cpp */,
				D1F44F54157FE9D200566119 /* HUD.h */,
				D1F44F4A157FE79600566119 /* Workspace.cpp */,
				D1F44F4B157FE79600566119 /* Workspace.h */,
				60866058173436E500E67B54 /* Bounds.cpp */,
				60866059173436E500E67B54 /* Bounds.h */,
			);
			path = Workspace;
			sourceTree = "<group>";
		};
		D15D697B15B4CECB007D676B /* ConvexDecomposition */ = {
			isa = PBXGroup;
			children = (
				D15D697C15B4CECB007D676B /* b2Polygon.cpp */,
				D15D697D15B4CECB007D676B /* b2Polygon.h */,
				D15D697E15B4CECB007D676B /* b2Triangle.cpp */,
				D15D697F15B4CECB007D676B /* b2Triangle.h */,
			);
			path = ConvexDecomposition;
			sourceTree = "<group>";
		};
		D17C766B1583C1580083E2B0 /* Main */ = {
			isa = PBXGroup;
			children = (
				60A575E61690DDEE0050FAFC /* Prefix.pch */,
				D17C76861584B6010083E2B0 /* Log.cpp */,
				D17C76871584B6010083E2B0 /* Log.h */,
				D17C76AB1584E3900083E2B0 /* GLError.h */,
				604E93D116A1D14C00143522 /* Macros.h */,
			);
			path = Main;
			sourceTree = "<group>";
		};
		D1954A3C1581337F00820436 /* Surround */ = {
			isa = PBXGroup;
			children = (
				D1C9DD681582A4F3000DEA25 /* Camera.cpp */,
				D1C9DD691582A4F3000DEA25 /* Camera.h */,
				D10849EF1583B4550042E161 /* Lights.cpp */,
				D10849F01583B4550042E161 /* Lights.h */,
			);
			path = Surround;
			sourceTree = "<group>";
		};
		D1C708B915B3495400D64823 /* External */ = {
			isa = PBXGroup;
			children = (
				D15D697B15B4CECB007D676B /* ConvexDecomposition */,
			);
			path = External;
			sourceTree = "<group>";
		};
		D1DFC003157BC15000F9E371 /* Model */ = {
			isa = PBXGroup;
			children = (
				60D7457417228D4A0062CDF1 /* ModelManager.cpp */,
				60D7457517228D4A0062CDF1 /* ModelManager.h */,
				60D7457617228D4A0062CDF1 /* ModelTreeManager.cpp */,
				60D7457717228D4B0062CDF1 /* ModelTreeManager.h */,
				D1E54CAD157BED250083FB90 /* ModelFactory.cpp */,
				D1E54CAE157BED250083FB90 /* ModelFactory.h */,
				60D7458017228EB70062CDF1 /* Octree.cpp */,
				60D7458117228EB70062CDF1 /* Octree.h */,
				D13D718115AF949100143662 /* Node.cpp */,
				D13D718215AF949100143662 /* Node.h */,
				60D7DC6F1657D0700051947E /* PointNode.cpp */,
				60D7DC701657D0700051947E /* PointNode.h */,
				60D7DC741657D07C0051947E /* LineNode.cpp */,
				60D7DC751657D07C0051947E /* LineNode.h */,
				6091E37316AC554E001DE0A7 /* PolylineNode.cpp */,
				6091E37416AC554E001DE0A7 /* PolylineNode.h */,
				D143779D157BCF0200A05B3B /* FaceNode.cpp */,
				D143779E157BCF0200A05B3B /* FaceNode.h */,
				D13D718515AF96F000143662 /* BodyNode.cpp */,
				D13D718615AF96F000143662 /* BodyNode.h */,
				D1C708BF15B36D0E00D64823 /* GroupNode.cpp */,
				D1C708C015B36D0E00D64823 /* GroupNode.h */,
			);
			path = Model;
			sourceTree = "<group>";
		};
		D1E54CA7157BE5120083FB90 /* Math */ = {
			isa = PBXGroup;
			children = (
				605F1D02171AE4CA00C8E4CC /* Color.cpp */,
				605F1D03171AE4CA00C8E4CC /* Color.h */,
				605F1D04171AE4CA00C8E4CC /* Frame.h */,
				605F1D05171AE4CA00C8E4CC /* Mat2.cpp */,
				605F1D06171AE4CA00C8E4CC /* Mat2.h */,
				605F1D07171AE4CA00C8E4CC /* Mat3x2.cpp */,
				605F1D08171AE4CA00C8E4CC /* Mat3x2.h */,
				605F1D09171AE4CA00C8E4CC /* Mat4.h */,
				605F1D0A171AE4CA00C8E4CC /* Mat4x4.cpp */,
				605F1D0B171AE4CA00C8E4CC /* Util.cpp */,
				605F1D0C171AE4CA00C8E4CC /* Util.h */,
				605F1D0D171AE4CA00C8E4CC /* Vec2.cpp */,
				605F1D0E171AE4CA00C8E4CC /* Vec2.h */,
				605F1D0F171AE4CA00C8E4CC /* Vec3.cpp */,
				605F1D10171AE4CA00C8E4CC /* Vec3.h */,
				605F1D11171AE4CA00C8E4CC /* Vec4.h */,
				D17C7914158536040083E2B0 /* Utils.cpp */,
				D17C7915158536040083E2B0 /* Utils.h */,
				6011C37616D0EE9100CD34F9 /* Polygon.cpp */,
				6011C37716D0EE9100CD34F9 /* Polygon.h */,
				60D7DC781658308B0051947E /* Rect.cpp */,
				60D7DC791658308B0051947E /* Rect.h */,
				60C41BB21691BF5600DD0C09 /* Geometry.cpp */,
				60C41BB31691BF5600DD0C09 /* Geometry.h */,
				6091E37816AC6036001DE0A7 /* LoopFinder.cpp */,
				6091E37916AC6036001DE0A7 /* LoopFinder.h */,
				60A4ED5A16FE14E30083DCD2 /* Transformation.cpp */,
				60A4ED5B16FE14E30083DCD2 /* Transformation.h */,
			);
			path = Math;
			sourceTree = "<group>";
		};
		D1E75032157BC4DB005C4CCF /* Frameworks */ = {
			isa = PBXGroup;
			children = (
				D13DC912157A9FF500C84006 /* OpenGL.framework */,
			);
			name = Frameworks;
			sourceTree = "<group>";
		};
/* End PBXGroup section */

/* Begin PBXHeadersBuildPhase section */
		D13DC909157A9F8C00C84006 /* Headers */ = {
			isa = PBXHeadersBuildPhase;
			buildActionMask = 2147483647;
			files = (
				D17C76651583BF440083E2B0 /* FactoryEngine.h in Headers */,
				D14377A0157BCF0200A05B3B /* FaceNode.h in Headers */,
				D1E54CB0157BED250083FB90 /* ModelFactory.h in Headers */,
				D1F44F4D157FE79600566119 /* Workspace.h in Headers */,
				D1F44F52157FE91900566119 /* Pad.h in Headers */,
				D1F44F56157FE9D200566119 /* HUD.h in Headers */,
				D1C9DD6B1582A4F3000DEA25 /* Camera.h in Headers */,
				D10849F21583B4550042E161 /* Lights.h in Headers */,
				D17C76891584B6010083E2B0 /* Log.h in Headers */,
				D17C76AC1584E3900083E2B0 /* GLError.h in Headers */,
				D17C7917158536040083E2B0 /* Utils.h in Headers */,
				D13D718415AF949100143662 /* Node.h in Headers */,
				D13D718815AF96F000143662 /* BodyNode.h in Headers */,
				D1C708C215B36D0E00D64823 /* GroupNode.h in Headers */,
				D15D698115B4CECB007D676B /* b2Polygon.h in Headers */,
				D15D698315B4CECB007D676B /* b2Triangle.h in Headers */,
				60D7DC721657D0700051947E /* PointNode.h in Headers */,
				60D7DC771657D07C0051947E /* LineNode.h in Headers */,
				60D7DC7B1658308B0051947E /* Rect.h in Headers */,
				60A575E71690DDEE0050FAFC /* Prefix.pch in Headers */,
				60C41BB51691BF5600DD0C09 /* Geometry.h in Headers */,
				6091E37616AC554E001DE0A7 /* PolylineNode.h in Headers */,
				6091E37B16AC6037001DE0A7 /* LoopFinder.h in Headers */,
				60F2406F16B5BCA700291ED0 /* LineInteraction.h in Headers */,
				6011C37916D0EE9100CD34F9 /* Polygon.h in Headers */,
				605CD4FD16FDE992005CCAA2 /* MoveInteraction.h in Headers */,
				605CD4FF16FDF824005CCAA2 /* RectangleInteraction.h in Headers */,
				60A4ED5D16FE14E30083DCD2 /* Transformation.h in Headers */,
				60A4ED6116FE28BA0083DCD2 /* RotationInteraction.h in Headers */,
				60A4ED6816FE59D50083DCD2 /* ScaleInteraction.h in Headers */,
				60E4FF5216FF1F6600EEAA5A /* InteractionAssistant.h in Headers */,
				605F1D13171AE4CA00C8E4CC /* Color.h in Headers */,
				605F1D14171AE4CA00C8E4CC /* Frame.h in Headers */,
				605F1D16171AE4CA00C8E4CC /* Mat2.h in Headers */,
				605F1D18171AE4CA00C8E4CC /* Mat3x2.h in Headers */,
				605F1D19171AE4CA00C8E4CC /* Mat4.h in Headers */,
				605F1D1C171AE4CA00C8E4CC /* Util.h in Headers */,
				605F1D1E171AE4CA00C8E4CC /* Vec2.h in Headers */,
				605F1D20171AE4CA00C8E4CC /* Vec3.h in Headers */,
				605F1D21171AE4CA00C8E4CC /* Vec4.h in Headers */,
				60D7457917228D4B0062CDF1 /* ModelManager.h in Headers */,
				60D7457B17228D4B0062CDF1 /* ModelTreeManager.h in Headers */,
				60D7457D17228DC40062CDF1 /* InteractionManager.h in Headers */,
				60D7458317228EB70062CDF1 /* Octree.h in Headers */,
				60D74588172299390062CDF1 /* LayerRenderer.h in Headers */,
				60D7458C1722994B0062CDF1 /* Primitive.h in Headers */,
				6021AFC017230E82001EAEBE /* Layer.h in Headers */,
				6021AFC817232B8F001EAEBE /* PrimitiveRenderer.h in Headers */,
				6021AFCC172332F6001EAEBE /* LineRenderer.h in Headers */,
				607BFB12172C7F3500357B47 /* PolygonRenderer.h in Headers */,
				607BFB16172C838200357B47 /* RectangleRenderer.h in Headers */,
				6086605B173436E500E67B54 /* Bounds.h in Headers */,
				6086605F17343C5400E67B54 /* PointRenderer.h in Headers */,
				608D70041735754A000A92F7 /* ShadersManager.h in Headers */,
				608D700817357571000A92F7 /* Shader.h in Headers */,
				608D700C1735758D000A92F7 /* ShaderFactory.h in Headers */,
				608D701017357A46000A92F7 /* ShadersProgram.h in Headers */,
				608D701417357B3C000A92F7 /* ShadersLibrary.h in Headers */,
			);
			runOnlyForDeploymentPostprocessing = 0;
		};
/* End PBXHeadersBuildPhase section */

/* Begin PBXNativeTarget section */
		D13DC90A157A9F8C00C84006 /* FactoryEngine */ = {
			isa = PBXNativeTarget;
			buildConfigurationList = D13DC90F157A9F8C00C84006 /* Build configuration list for PBXNativeTarget "FactoryEngine" */;
			buildPhases = (
				D13DC907157A9F8C00C84006 /* Sources */,
				D13DC908157A9F8C00C84006 /* Frameworks */,
				D13DC909157A9F8C00C84006 /* Headers */,
			);
			buildRules = (
				606A7F5E163C0C5400E4F243 /* PBXBuildRule */,
			);
			dependencies = (
			);
			name = FactoryEngine;
			productName = ModelerGraphics;
			productReference = D13DC90B157A9F8C00C84006 /* libFactoryEngine.a */;
			productType = "com.apple.product-type.library.static";
		};
/* End PBXNativeTarget section */

/* Begin PBXProject section */
		D13DC902157A9F8B00C84006 /* Project object */ = {
			isa = PBXProject;
			attributes = {
				LastUpgradeCheck = 0430;
				ORGANIZATIONNAME = Jumsoft;
			};
			buildConfigurationList = D13DC905157A9F8B00C84006 /* Build configuration list for PBXProject "FactoryEngine" */;
			compatibilityVersion = "Xcode 3.2";
			developmentRegion = English;
			hasScannedForEncodings = 0;
			knownRegions = (
				en,
			);
			mainGroup = D13DC900157A9F8B00C84006;
			productRefGroup = D13DC90C157A9F8C00C84006 /* Products */;
			projectDirPath = "";
			projectRoot = "";
			targets = (
				D13DC90A157A9F8C00C84006 /* FactoryEngine */,
			);
		};
/* End PBXProject section */

/* Begin PBXSourcesBuildPhase section */
		D13DC907157A9F8C00C84006 /* Sources */ = {
			isa = PBXSourcesBuildPhase;
			buildActionMask = 2147483647;
			files = (
				D143779F157BCF0200A05B3B /* FaceNode.cpp in Sources */,
				D1F44F4C157FE79600566119 /* Workspace.cpp in Sources */,
				D1F44F51157FE91900566119 /* Pad.cpp in Sources */,
				D1F44F55157FE9D200566119 /* HUD.cpp in Sources */,
				D1C9DD6A1582A4F3000DEA25 /* Camera.cpp in Sources */,
				D10849F11583B4550042E161 /* Lights.cpp in Sources */,
				D17C76881584B6010083E2B0 /* Log.cpp in Sources */,
				D17C7916158536040083E2B0 /* Utils.cpp in Sources */,
				D13D718315AF949100143662 /* Node.cpp in Sources */,
				D13D718715AF96F000143662 /* BodyNode.cpp in Sources */,
				D10EF57D15B2132100BC14D5 /* ModelFactory.cpp in Sources */,
				D1C708C115B36D0E00D64823 /* GroupNode.cpp in Sources */,
				6056C57015DC554C008F8E92 /* Scene.cpp in Sources */,
				60D7DC711657D0700051947E /* PointNode.cpp in Sources */,
				60D7DC761657D07C0051947E /* LineNode.cpp in Sources */,
				60D7DC7A1658308B0051947E /* Rect.cpp in Sources */,
				60C41BB41691BF5600DD0C09 /* Geometry.cpp in Sources */,
				6091E37516AC554E001DE0A7 /* PolylineNode.cpp in Sources */,
				6091E37A16AC6037001DE0A7 /* LoopFinder.cpp in Sources */,
				6047DB9316B46A890012286F /* RectangleInteraction.cpp in Sources */,
				6011C37816D0EE9100CD34F9 /* Polygon.cpp in Sources */,
				605CD4FC16FDE992005CCAA2 /* MoveInteraction.cpp in Sources */,
				605CD4FE16FDF820005CCAA2 /* LineInteraction.cpp in Sources */,
				60A4ED5C16FE14E30083DCD2 /* Transformation.cpp in Sources */,
				60A4ED6016FE28BA0083DCD2 /* RotationInteraction.cpp in Sources */,
				60A4ED6716FE59D50083DCD2 /* ScaleInteraction.cpp in Sources */,
				60E4FF5116FF1F6600EEAA5A /* InteractionAssistant.cpp in Sources */,
				605F1D12171AE4CA00C8E4CC /* Color.cpp in Sources */,
				605F1D15171AE4CA00C8E4CC /* Mat2.cpp in Sources */,
				605F1D17171AE4CA00C8E4CC /* Mat3x2.cpp in Sources */,
				605F1D1A171AE4CA00C8E4CC /* Mat4x4.cpp in Sources */,
				605F1D1B171AE4CA00C8E4CC /* Util.cpp in Sources */,
				605F1D1D171AE4CA00C8E4CC /* Vec2.cpp in Sources */,
				605F1D1F171AE4CA00C8E4CC /* Vec3.cpp in Sources */,
				60D7457817228D4B0062CDF1 /* ModelManager.cpp in Sources */,
				60D7457A17228D4B0062CDF1 /* ModelTreeManager.cpp in Sources */,
				60D7457F17228E100062CDF1 /* InteractionManager.cpp in Sources */,
				60D7458217228EB70062CDF1 /* Octree.cpp in Sources */,
				60D7458B1722994B0062CDF1 /* Primitive.cpp in Sources */,
				6021AFBC17230800001EAEBE /* LayerRenderer.cpp in Sources */,
				6021AFBF17230E82001EAEBE /* Layer.cpp in Sources */,
				6021AFC717232B8F001EAEBE /* PrimitiveRenderer.cpp in Sources */,
				6021AFCB172332F6001EAEBE /* LineRenderer.cpp in Sources */,
				607BFB11172C7F3500357B47 /* PolygonRenderer.cpp in Sources */,
				607BFB15172C838200357B47 /* RectangleRenderer.cpp in Sources */,
				6086605A173436E500E67B54 /* Bounds.cpp in Sources */,
				6086605E17343C5400E67B54 /* PointRenderer.cpp in Sources */,
				608D70031735754A000A92F7 /* ShadersManager.cpp in Sources */,
				608D700717357571000A92F7 /* Shader.cpp in Sources */,
				608D700B1735758D000A92F7 /* ShaderFactory.cpp in Sources */,
				608D700F17357A46000A92F7 /* ShadersProgram.cpp in Sources */,
				608D701317357B3C000A92F7 /* ShadersLibrary.cpp in Sources */,
			);
			runOnlyForDeploymentPostprocessing = 0;
		};
/* End PBXSourcesBuildPhase section */

/* Begin XCBuildConfiguration section */
		D13DC90D157A9F8C00C84006 /* Debug */ = {
			isa = XCBuildConfiguration;
			buildSettings = {
				ALWAYS_SEARCH_USER_PATHS = NO;
				ARCHS = "$(ARCHS_STANDARD_32_64_BIT)";
				CLANG_CXX_LANGUAGE_STANDARD = "c++0x";
				CLANG_CXX_LIBRARY = "libc++";
				CLANG_ENABLE_OBJC_ARC = YES;
				CLANG_WARN_CXX0X_EXTENSIONS = YES;
				COPY_PHASE_STRIP = NO;
				GCC_C_LANGUAGE_STANDARD = gnu99;
				GCC_DYNAMIC_NO_PIC = NO;
				GCC_ENABLE_OBJC_EXCEPTIONS = YES;
				GCC_OPTIMIZATION_LEVEL = 0;
				GCC_PREPROCESSOR_DEFINITIONS = "";
				GCC_SYMBOLS_PRIVATE_EXTERN = NO;
				GCC_VERSION = com.apple.compilers.llvm.clang.1_0;
				GCC_WARN_64_TO_32_BIT_CONVERSION = YES;
				GCC_WARN_ABOUT_RETURN_TYPE = YES;
				GCC_WARN_UNINITIALIZED_AUTOS = YES;
				GCC_WARN_UNUSED_VARIABLE = YES;
				HEADER_SEARCH_PATHS = "";
				MACOSX_DEPLOYMENT_TARGET = 10.7;
				ONLY_ACTIVE_ARCH = YES;
				PRIVATE_HEADERS_FOLDER_PATH = /usr/local/include;
				SDKROOT = macosx;
			};
			name = Debug;
		};
		D13DC90E157A9F8C00C84006 /* Release */ = {
			isa = XCBuildConfiguration;
			buildSettings = {
				ALWAYS_SEARCH_USER_PATHS = NO;
				ARCHS = "$(ARCHS_STANDARD_32_64_BIT)";
				CLANG_CXX_LANGUAGE_STANDARD = "c++0x";
				CLANG_CXX_LIBRARY = "libc++";
				CLANG_ENABLE_OBJC_ARC = YES;
				CLANG_WARN_CXX0X_EXTENSIONS = YES;
				COPY_PHASE_STRIP = YES;
				DEBUG_INFORMATION_FORMAT = "dwarf-with-dsym";
				GCC_C_LANGUAGE_STANDARD = gnu99;
				GCC_ENABLE_OBJC_EXCEPTIONS = YES;
				GCC_VERSION = com.apple.compilers.llvm.clang.1_0;
				GCC_WARN_64_TO_32_BIT_CONVERSION = YES;
				GCC_WARN_ABOUT_RETURN_TYPE = YES;
				GCC_WARN_UNINITIALIZED_AUTOS = YES;
				GCC_WARN_UNUSED_VARIABLE = YES;
				HEADER_SEARCH_PATHS = "";
				MACOSX_DEPLOYMENT_TARGET = 10.7;
				PRIVATE_HEADERS_FOLDER_PATH = /usr/local/include;
				SDKROOT = macosx;
			};
			name = Release;
		};
		D13DC910157A9F8C00C84006 /* Debug */ = {
			isa = XCBuildConfiguration;
			buildSettings = {
				ALWAYS_SEARCH_USER_PATHS = NO;
				CLANG_X86_VECTOR_INSTRUCTIONS = default;
				EXECUTABLE_PREFIX = lib;
				FRAMEWORK_SEARCH_PATHS = "";
				GCC_PRECOMPILE_PREFIX_HEADER = YES;
				GCC_PREFIX_HEADER = Main/Prefix.pch;
				GCC_VERSION = "";
				HEADER_SEARCH_PATHS = (
					"${SRCROOT}/External/Box2D",
					"${SRCROOT}/External",
					"${SRCROOT}",
					"${SRCROOT}/External/boost",
				);
				PRODUCT_NAME = FactoryEngine;
				USER_HEADER_SEARCH_PATHS = "";
			};
			name = Debug;
		};
		D13DC911157A9F8C00C84006 /* Release */ = {
			isa = XCBuildConfiguration;
			buildSettings = {
				ALWAYS_SEARCH_USER_PATHS = NO;
				CLANG_X86_VECTOR_INSTRUCTIONS = default;
				EXECUTABLE_PREFIX = lib;
				FRAMEWORK_SEARCH_PATHS = "";
				GCC_PRECOMPILE_PREFIX_HEADER = YES;
				GCC_PREFIX_HEADER = Main/Prefix.pch;
				GCC_VERSION = "";
				HEADER_SEARCH_PATHS = (
					"${SRCROOT}/External/Box2D",
					"${SRCROOT}/External",
					"${SRCROOT}",
					"${SRCROOT}/External/boost",
				);
				PRODUCT_NAME = FactoryEngine;
				USER_HEADER_SEARCH_PATHS = "";
			};
			name = Release;
		};
/* End XCBuildConfiguration section */

/* Begin XCConfigurationList section */
		D13DC905157A9F8B00C84006 /* Build configuration list for PBXProject "FactoryEngine" */ = {
			isa = XCConfigurationList;
			buildConfigurations = (
				D13DC90D157A9F8C00C84006 /* Debug */,
				D13DC90E157A9F8C00C84006 /* Release */,
			);
			defaultConfigurationIsVisible = 0;
			defaultConfigurationName = Release;
		};
		D13DC90F157A9F8C00C84006 /* Build configuration list for PBXNativeTarget "FactoryEngine" */ = {
			isa = XCConfigurationList;
			buildConfigurations = (
				D13DC910157A9F8C00C84006 /* Debug */,
				D13DC911157A9F8C00C84006 /* Release */,
			);
			defaultConfigurationIsVisible = 0;
			defaultConfigurationName = Release;
		};
/* End XCConfigurationList section */
	};
	rootObject = D13DC902157A9F8B00C84006 /* Project object */;
}
